{
  "nodes": {
    "nixpkgs": {
      "locked": {
        "lastModified": 1772173633,
        "narHash": "sha256-MOH58F4AIbCkh6qlQcwMycyk5SWvsqnS/TCfnqDlpj4=",
        "owner": "NixOS",
        "repo": "nixpkgs",
        "rev": "c0f3d81a7ddbc2b1332be0d8481a672b4f6004d6",
        "type": "github"
      },
      "original": {
        "owner": "NixOS",
        "ref": "nixpkgs-unstable",
        "repo": "nixpkgs",
        "type": "github"
      }
    },
    "nixpkgs_2": {
      "locked": {
        "lastModified": 1770107345,
        "narHash": "sha256-tbS0Ebx2PiA1FRW8mt8oejR0qMXmziJmPaU1d4kYY9g=",
        "owner": "nixos",
        "repo": "nixpkgs",
        "rev": "4533d9293756b63904b7238acb84ac8fe4c8c2c4",
        "type": "github"
      },
      "original": {
        "owner": "nixos",
        "ref": "nixpkgs-unstable",
        "repo": "nixpkgs",
        "type": "github"
      }
    },
    "root": {
      "inputs": {
        "nixpkgs": "nixpkgs",
        "treefmt-nix": "treefmt-nix",
        "zephyr": "zephyr",
        "zmk": "zmk",
        "zmk-dongle-display": "zmk-dongle-display"
      }
    },
    "treefmt-nix": {
      "inputs": {
        "nixpkgs": "nixpkgs_2"
      },
      "locked": {
        "lastModified": 1770228511,
        "narHash": "sha256-wQ6NJSuFqAEmIg2VMnLdCnUc0b7vslUohqqGGD+Fyxk=",
        "owner": "numtide",
        "repo": "treefmt-nix",
        "rev": "337a4fe074be1042a35086f15481d763b8ddc0e7",
        "type": "github"
      },
      "original": {
        "owner": "numtide",
        "repo": "treefmt-nix",
        "type": "github"
      }
    },
    "zephyr": {
      "flake": false,
      "locked": {
        "lastModified": 1755558002,
        "narHash": "sha256-7QpHcotCG+m16PvGdB+aZrU+5p/FSXhmkmtMoUkKqs4=",
        "owner": "zmkfirmware",
        "repo": "zephyr",
        "rev": "dacab4875df72109b96cc8977547a0dc04875bcd",
        "type": "github"
      },
      "original": {
        "owner": "zmkfirmware",
        "ref": "v3.5.0+zmk-fixes",
        "repo": "zephyr",
        "type": "github"
      }
    },
    "zmk": {
      "flake": false,
      "locked": {
        "lastModified": 1754088260,
        "narHash": "sha256-4OUbkU6tGixO0H9zAG8f2afXIvn2PGkGV9f2uexOmUU=",
        "owner": "zmkfirmware",
        "repo": "zmk",
        "rev": "edf5c0814fd3ea202e43aad2d68fd32e882a518c",
        "type": "github"
      },
      "original": {
        "owner": "zmkfirmware",
        "ref": "v0.3",
        "repo": "zmk",
        "type": "github"
      }
    },
    "zmk-dongle-display": {
      "flake": false,
      "locked": {
        "lastModified": 1763599566,
        "narHash": "sha256-FFX0nFb7A/5ZJ1yLUChAEo//L+iFebD0UdFV0EgZjnU=",
        "owner": "englmaxi",
        "repo": "zmk-dongle-display",
        "rev": "c6c4be11c5ede722086a2a1f355cec9c101b9390",
        "type": "github"
      },
      "original": {
        "owner": "englmaxi",
        "ref": "v0.3",
        "repo": "zmk-dongle-display",
        "type": "github"
      }
    }
  },
  "root": "root",
  "version": 7
}
